// !$*UTF8*$!
{
	archiveVersion = 1;
	classes = {
	};
	objectVersion = 48;
	objects = {

/* Begin PBXBuildFile section */
		481DC8421FA9F2F400E7A0D7 /* AppDelegate.swift in Sources */ = {isa = PBXBuildFile; fileRef = 481DC8411FA9F2F400E7A0D7 /* AppDelegate.swift */; };
		481DC8441FA9F2F400E7A0D7 /* ViewController.swift in Sources */ = {isa = PBXBuildFile; fileRef = 481DC8431FA9F2F400E7A0D7 /* ViewController.swift */; };
		481DC8471FA9F2F400E7A0D7 /* Main.storyboard in Resources */ = {isa = PBXBuildFile; fileRef = 481DC8451FA9F2F400E7A0D7 /* Main.storyboard */; };
		481DC8491FA9F2F400E7A0D7 /* Assets.xcassets in Resources */ = {isa = PBXBuildFile; fileRef = 481DC8481FA9F2F400E7A0D7 /* Assets.xcassets */; };
		481DC84C1FA9F2F400E7A0D7 /* LaunchScreen.storyboard in Resources */ = {isa = PBXBuildFile; fileRef = 481DC84A1FA9F2F400E7A0D7 /* LaunchScreen.storyboard */; };
		481DC8571FA9F2F400E7A0D7 /* ColdCallTests.swift in Sources */ = {isa = PBXBuildFile; fileRef = 481DC8561FA9F2F400E7A0D7 /* ColdCallTests.swift */; };
		481DC8621FA9F2F400E7A0D7 /* ColdCallUITests.swift in Sources */ = {isa = PBXBuildFile; fileRef = 481DC8611FA9F2F400E7A0D7 /* ColdCallUITests.swift */; };
/* End PBXBuildFile section */

/* Begin PBXContainerItemProxy section */
		481DC8531FA9F2F400E7A0D7 /* PBXContainerItemProxy */ = {
			isa = PBXContainerItemProxy;
			containerPortal = 481DC8361FA9F2F400E7A0D7 /* Project object */;
			proxyType = 1;
			remoteGlobalIDString = 481DC83D1FA9F2F400E7A0D7;
			remoteInfo = ColdCall;
		};
		481DC85E1FA9F2F400E7A0D7 /* PBXContainerItemProxy */ = {
			isa = PBXContainerItemProxy;
			containerPortal = 481DC8361FA9F2F400E7A0D7 /* Project object */;
			proxyType = 1;
			remoteGlobalIDString = 481DC83D1FA9F2F400E7A0D7;
			remoteInfo = ColdCall;
		};
/* End PBXContainerItemProxy section */

/* Begin PBXFileReference section */
		481DC83E1FA9F2F400E7A0D7 /* ColdCall.app */ = {isa = PBXFileReference; explicitFileType = wrapper.application; includeInIndex = 0; path = ColdCall.app; sourceTree = BUILT_PRODUCTS_DIR; };
		481DC8411FA9F2F400E7A0D7 /* AppDelegate.swift */ = {isa = PBXFileReference; lastKnownFileType = sourcecode.swift; path = AppDelegate.swift; sourceTree = "<group>"; };
		481DC8431FA9F2F400E7A0D7 /* ViewController.swift */ = {isa = PBXFileReference; lastKnownFileType = sourcecode.swift; path = ViewController.swift; sourceTree = "<group>"; };
		481DC8461FA9F2F400E7A0D7 /* Base */ = {isa = PBXFileReference; lastKnownFileType = file.storyboard; name = Base; path = Base.lproj/Main.storyboard; sourceTree = "<group>"; };
		481DC8481FA9F2F400E7A0D7 /* Assets.xcassets */ = {isa = PBXFileReference; lastKnownFileType = folder.assetcatalog; path = Assets.xcassets; sourceTree = "<group>"; };
		481DC84B1FA9F2F400E7A0D7 /* Base */ = {isa = PBXFileReference; lastKnownFileType = file.storyboard; name = Base; path = Base.lproj/LaunchScreen.storyboard; sourceTree = "<group>"; };
		481DC84D1FA9F2F400E7A0D7 /* Info.plist */ = {isa = PBXFileReference; lastKnownFileType = text.plist.xml; path = Info.plist; sourceTree = "<group>"; };
		481DC8521FA9F2F400E7A0D7 /* ColdCallTests.xctest */ = {isa = PBXFileReference; explicitFileType = wrapper.cfbundle; includeInIndex = 0; path = ColdCallTests.xctest; sourceTree = BUILT_PRODUCTS_DIR; };
		481DC8561FA9F2F400E7A0D7 /* ColdCallTests.swift */ = {isa = PBXFileReference; lastKnownFileType = sourcecode.swift; path = ColdCallTests.swift; sourceTree = "<group>"; };
		481DC8581FA9F2F400E7A0D7 /* Info.plist */ = {isa = PBXFileReference; lastKnownFileType = text.plist.xml; path = Info.plist; sourceTree = "<group>"; };
		481DC85D1FA9F2F400E7A0D7 /* ColdCallUITests.xctest */ = {isa = PBXFileReference; explicitFileType = wrapper.cfbundle; includeInIndex = 0; path = ColdCallUITests.xctest; sourceTree = BUILT_PRODUCTS_DIR; };
		481DC8611FA9F2F400E7A0D7 /* ColdCallUITests.swift */ = {isa = PBXFileReference; lastKnownFileType = sourcecode.swift; path = ColdCallUITests.swift; sourceTree = "<group>"; };
		481DC8631FA9F2F400E7A0D7 /* Info.plist */ = {isa = PBXFileReference; lastKnownFileType = text.plist.xml; path = Info.plist; sourceTree = "<group>"; };
/* End PBXFileReference section */

/* Begin PBXFrameworksBuildPhase section */
		481DC83B1FA9F2F400E7A0D7 /* Frameworks */ = {
			isa = PBXFrameworksBuildPhase;
			buildActionMask = 2147483647;
			files = (
			);
			runOnlyForDeploymentPostprocessing = 0;
		};
		481DC84F1FA9F2F400E7A0D7 /* Frameworks */ = {
			isa = PBXFrameworksBuildPhase;
			buildActionMask = 2147483647;
			files = (
			);
			runOnlyForDeploymentPostprocessing = 0;
		};
		481DC85A1FA9F2F400E7A0D7 /* Frameworks */ = {
			isa = PBXFrameworksBuildPhase;
			buildActionMask = 2147483647;
			files = (
			);
			runOnlyForDeploymentPostprocessing = 0;
		};
/* End PBXFrameworksBuildPhase section */

/* Begin PBXGroup section */
		481DC8351FA9F2F400E7A0D7 = {
			isa = PBXGroup;
			children = (
				481DC8401FA9F2F400E7A0D7 /* ColdCall */,
				481DC8551FA9F2F400E7A0D7 /* ColdCallTests */,
				481DC8601FA9F2F400E7A0D7 /* ColdCallUITests */,
				481DC83F1FA9F2F400E7A0D7 /* Products */,
			);
			sourceTree = "<group>";
		};
		481DC83F1FA9F2F400E7A0D7 /* Products */ = {
			isa = PBXGroup;
			children = (
				481DC83E1FA9F2F400E7A0D7 /* ColdCall.app */,
				481DC8521FA9F2F400E7A0D7 /* ColdCallTests.xctest */,
				481DC85D1FA9F2F400E7A0D7 /* ColdCallUITests.xctest */,
			);
			name = Products;
			sourceTree = "<group>";
		};
		481DC8401FA9F2F400E7A0D7 /* ColdCall */ = {
			isa = PBXGroup;
			children = (
				481DC8411FA9F2F400E7A0D7 /* AppDelegate.swift */,
				481DC8431FA9F2F400E7A0D7 /* ViewController.swift */,
				481DC8451FA9F2F400E7A0D7 /* Main.storyboard */,
				481DC8481FA9F2F400E7A0D7 /* Assets.xcassets */,
				481DC84A1FA9F2F400E7A0D7 /* LaunchScreen.storyboard */,
				481DC84D1FA9F2F400E7A0D7 /* Info.plist */,
			);
			path = ColdCall;
			sourceTree = "<group>";
		};
		481DC8551FA9F2F400E7A0D7 /* ColdCallTests */ = {
			isa = PBXGroup;
			children = (
				481DC8561FA9F2F400E7A0D7 /* ColdCallTests.swift */,
				481DC8581FA9F2F400E7A0D7 /* Info.plist */,
			);
			path = ColdCallTests;
			sourceTree = "<group>";
		};
		481DC8601FA9F2F400E7A0D7 /* ColdCallUITests */ = {
			isa = PBXGroup;
			children = (
				481DC8611FA9F2F400E7A0D7 /* ColdCallUITests.swift */,
				481DC8631FA9F2F400E7A0D7 /* Info.plist */,
			);
			path = ColdCallUITests;
			sourceTree = "<group>";
		};
/* End PBXGroup section */

/* Begin PBXNativeTarget section */
		481DC83D1FA9F2F400E7A0D7 /* ColdCall */ = {
			isa = PBXNativeTarget;
			buildConfigurationList = 481DC8661FA9F2F400E7A0D7 /* Build configuration list for PBXNativeTarget "ColdCall" */;
			buildPhases = (
				481DC83A1FA9F2F400E7A0D7 /* Sources */,
				481DC83B1FA9F2F400E7A0D7 /* Frameworks */,
				481DC83C1FA9F2F400E7A0D7 /* Resources */,
			);
			buildRules = (
			);
			dependencies = (
			);
			name = ColdCall;
			productName = ColdCall;
			productReference = 481DC83E1FA9F2F400E7A0D7 /* ColdCall.app */;
			productType = "com.apple.product-type.application";
		};
		481DC8511FA9F2F400E7A0D7 /* ColdCallTests */ = {
			isa = PBXNativeTarget;
			buildConfigurationList = 481DC8691FA9F2F400E7A0D7 /* Build configuration list for PBXNativeTarget "ColdCallTests" */;
			buildPhases = (
				481DC84E1FA9F2F400E7A0D7 /* Sources */,
				481DC84F1FA9F2F400E7A0D7 /* Frameworks */,
				481DC8501FA9F2F400E7A0D7 /* Resources */,
			);
			buildRules = (
			);
			dependencies = (
				481DC8541FA9F2F400E7A0D7 /* PBXTargetDependency */,
			);
			name = ColdCallTests;
			productName = ColdCallTests;
			productReference = 481DC8521FA9F2F400E7A0D7 /* ColdCallTests.xctest */;
			productType = "com.apple.product-type.bundle.unit-test";
		};
		481DC85C1FA9F2F400E7A0D7 /* ColdCallUITests */ = {
			isa = PBXNativeTarget;
			buildConfigurationList = 481DC86C1FA9F2F400E7A0D7 /* Build configuration list for PBXNativeTarget "ColdCallUITests" */;
			buildPhases = (
				481DC8591FA9F2F400E7A0D7 /* Sources */,
				481DC85A1FA9F2F400E7A0D7 /* Frameworks */,
				481DC85B1FA9F2F400E7A0D7 /* Resources */,
			);
			buildRules = (
			);
			dependencies = (
				481DC85F1FA9F2F400E7A0D7 /* PBXTargetDependency */,
			);
			name = ColdCallUITests;
			productName = ColdCallUITests;
			productReference = 481DC85D1FA9F2F400E7A0D7 /* ColdCallUITests.xctest */;
			productType = "com.apple.product-type.bundle.ui-testing";
		};
/* End PBXNativeTarget section */

/* Begin PBXProject section */
		481DC8361FA9F2F400E7A0D7 /* Project object */ = {
			isa = PBXProject;
			attributes = {
				LastSwiftUpdateCheck = 0910;
				LastUpgradeCheck = 0910;
				ORGANIZATIONNAME = "Jared K";
				TargetAttributes = {
					481DC83D1FA9F2F400E7A0D7 = {
						CreatedOnToolsVersion = 9.1;
						ProvisioningStyle = Automatic;
					};
					481DC8511FA9F2F400E7A0D7 = {
						CreatedOnToolsVersion = 9.1;
						ProvisioningStyle = Automatic;
						TestTargetID = 481DC83D1FA9F2F400E7A0D7;
					};
					481DC85C1FA9F2F400E7A0D7 = {
						CreatedOnToolsVersion = 9.1;
						ProvisioningStyle = Automatic;
						TestTargetID = 481DC83D1FA9F2F400E7A0D7;
					};
				};
			};
			buildConfigurationList = 481DC8391FA9F2F400E7A0D7 /* Build configuration list for PBXProject "ColdCall" */;
			compatibilityVersion = "Xcode 8.0";
			developmentRegion = en;
			hasScannedForEncodings = 0;
			knownRegions = (
				en,
				Base,
			);
			mainGroup = 481DC8351FA9F2F400E7A0D7;
			productRefGroup = 481DC83F1FA9F2F400E7A0D7 /* Products */;
			projectDirPath = "";
			projectRoot = "";
			targets = (
				481DC83D1FA9F2F400E7A0D7 /* ColdCall */,
				481DC8511FA9F2F400E7A0D7 /* ColdCallTests */,
				481DC85C1FA9F2F400E7A0D7 /* ColdCallUITests */,
			);
		};
/* End PBXProject section */

/* Begin PBXResourcesBuildPhase section */
		481DC83C1FA9F2F400E7A0D7 /* Resources */ = {
			isa = PBXResourcesBuildPhase;
			buildActionMask = 2147483647;
			files = (
				481DC84C1FA9F2F400E7A0D7 /* LaunchScreen.storyboard in Resources */,
				481DC8491FA9F2F400E7A0D7 /* Assets.xcassets in Resources */,
				481DC8471FA9F2F400E7A0D7 /* Main.storyboard in Resources */,
			);
			runOnlyForDeploymentPostprocessing = 0;
		};
		481DC8501FA9F2F400E7A0D7 /* Resources */ = {
			isa = PBXResourcesBuildPhase;
			buildActionMask = 2147483647;
			files = (
			);
			runOnlyForDeploymentPostprocessing = 0;
		};
		481DC85B1FA9F2F400E7A0D7 /* Resources */ = {
			isa = PBXResourcesBuildPhase;
			buildActionMask = 2147483647;
			files = (
			);
			runOnlyForDeploymentPostprocessing = 0;
		};
/* End PBXResourcesBuildPhase section */

/* Begin PBXSourcesBuildPhase section */
		481DC83A1FA9F2F400E7A0D7 /* Sources */ = {
			isa = PBXSourcesBuildPhase;
			buildActionMask = 2147483647;
			files = (
				481DC8441FA9F2F400E7A0D7 /* ViewController.swift in Sources */,
				481DC8421FA9F2F400E7A0D7 /* AppDelegate.swift in Sources */,
			);
			runOnlyForDeploymentPostprocessing = 0;
		};
		481DC84E1FA9F2F400E7A0D7 /* Sources */ = {
			isa = PBXSourcesBuildPhase;
			buildActionMask = 2147483647;
			files = (
				481DC8571FA9F2F400E7A0D7 /* ColdCallTests.swift in Sources */,
			);
			runOnlyForDeploymentPostprocessing = 0;
		};
		481DC8591FA9F2F400E7A0D7 /* Sources */ = {
			isa = PBXSourcesBuildPhase;
			buildActionMask = 2147483647;
			files = (
				481DC8621FA9F2F400E7A0D7 /* ColdCallUITests.swift in Sources */,
			);
			runOnlyForDeploymentPostprocessing = 0;
		};
/* End PBXSourcesBuildPhase section */

/* Begin PBXTargetDependency section */
		481DC8541FA9F2F400E7A0D7 /* PBXTargetDependency */ = {
			isa = PBXTargetDependency;
			target = 481DC83D1FA9F2F400E7A0D7 /* ColdCall */;
			targetProxy = 481DC8531FA9F2F400E7A0D7 /* PBXContainerItemProxy */;
		};
		481DC85F1FA9F2F400E7A0D7 /* PBXTargetDependency */ = {
			isa = PBXTargetDependency;
			target = 481DC83D1FA9F2F400E7A0D7 /* ColdCall */;
			targetProxy = 481DC85E1FA9F2F400E7A0D7 /* PBXContainerItemProxy */;
		};
/* End PBXTargetDependency section */

/* Begin PBXVariantGroup section */
		481DC8451FA9F2F400E7A0D7 /* Main.storyboard */ = {
			isa = PBXVariantGroup;
			children = (
				481DC8461FA9F2F400E7A0D7 /* Base */,
			);
			name = Main.storyboard;
			sourceTree = "<group>";
		};
		481DC84A1FA9F2F400E7A0D7 /* LaunchScreen.storyboard */ = {
			isa = PBXVariantGroup;
			children = (
				481DC84B1FA9F2F400E7A0D7 /* Base */,
			);
			name = LaunchScreen.storyboard;
			sourceTree = "<group>";
		};
/* End PBXVariantGroup section */

/* Begin XCBuildConfiguration section */
		481DC8641FA9F2F400E7A0D7 /* Debug */ = {
			isa = XCBuildConfiguration;
			buildSettings = {
				ALWAYS_SEARCH_USER_PATHS = NO;
				CLANG_ANALYZER_NONNULL = YES;
				CLANG_ANALYZER_NUMBER_OBJECT_CONVERSION = YES_AGGRESSIVE;
				CLANG_CXX_LANGUAGE_STANDARD = "gnu++14";
				CLANG_CXX_LIBRARY = "libc++";
				CLANG_ENABLE_MODULES = YES;
				CLANG_ENABLE_OBJC_ARC = YES;
				CLANG_WARN_BLOCK_CAPTURE_AUTORELEASING = YES;
				CLANG_WARN_BOOL_CONVERSION = YES;
				CLANG_WARN_COMMA = YES;
				CLANG_WARN_CONSTANT_CONVERSION = YES;
				CLANG_WARN_DIRECT_OBJC_ISA_USAGE = YES_ERROR;
				CLANG_WARN_DOCUMENTATION_COMMENTS = YES;
				CLANG_WARN_EMPTY_BODY = YES;
				CLANG_WARN_ENUM_CONVERSION = YES;
				CLANG_WARN_INFINITE_RECURSION = YES;
				CLANG_WARN_INT_CONVERSION = YES;
				CLANG_WARN_NON_LITERAL_NULL_CONVERSION = YES;
				CLANG_WARN_OBJC_LITERAL_CONVERSION = YES;
				CLANG_WARN_OBJC_ROOT_CLASS = YES_ERROR;
				CLANG_WARN_RANGE_LOOP_ANALYSIS = YES;
				CLANG_WARN_STRICT_PROTOTYPES = YES;
				CLANG_WARN_SUSPICIOUS_MOVE = YES;
				CLANG_WARN_UNGUARDED_AVAILABILITY = YES_AGGRESSIVE;
				CLANG_WARN_UNREACHABLE_CODE = YES;
				CLANG_WARN__DUPLICATE_METHOD_MATCH = YES;
				CODE_SIGN_IDENTITY = "iPhone Developer";
				COPY_PHASE_STRIP = NO;
				DEBUG_INFORMATION_FORMAT = dwarf;
				ENABLE_STRICT_OBJC_MSGSEND = YES;
				ENABLE_TESTABILITY = YES;
				GCC_C_LANGUAGE_STANDARD = gnu11;
				GCC_DYNAMIC_NO_PIC = NO;
				GCC_NO_COMMON_BLOCKS = YES;
				GCC_OPTIMIZATION_LEVEL = 0;
				GCC_PREPROCESSOR_DEFINITIONS = (
					"DEBUG=1",
					"$(inherited)",
				);
				GCC_WARN_64_TO_32_BIT_CONVERSION = YES;
				GCC_WARN_ABOUT_RETURN_TYPE = YES_ERROR;
				GCC_WARN_UNDECLARED_SELECTOR = YES;
				GCC_WARN_UNINITIALIZED_AUTOS = YES_AGGRESSIVE;
				GCC_WARN_UNUSED_FUNCTION = YES;
				GCC_WARN_UNUSED_VARIABLE = YES;
				IPHONEOS_DEPLOYMENT_TARGET = 11.1;
				MTL_ENABLE_DEBUG_INFO = YES;
				ONLY_ACTIVE_ARCH = YES;
				SDKROOT = iphoneos;
				SWIFT_ACTIVE_COMPILATION_CONDITIONS = DEBUG;
				SWIFT_OPTIMIZATION_LEVEL = "-Onone";
			};
			name = Debug;
		};
		481DC8651FA9F2F400E7A0D7 /* Release */ = {
			isa = XCBuildConfiguration;
			buildSettings = {
				ALWAYS_SEARCH_USER_PATHS = NO;
				CLANG_ANALYZER_NONNULL = YES;
				CLANG_ANALYZER_NUMBER_OBJECT_CONVERSION = YES_AGGRESSIVE;
				CLANG_CXX_LANGUAGE_STANDARD = "gnu++14";
				CLANG_CXX_LIBRARY = "libc++";
				CLANG_ENABLE_MODULES = YES;
				CLANG_ENABLE_OBJC_ARC = YES;
				CLANG_WARN_BLOCK_CAPTURE_AUTORELEASING = YES;
				CLANG_WARN_BOOL_CONVERSION = YES;
				CLANG_WARN_COMMA = YES;
				CLANG_WARN_CONSTANT_CONVERSION = YES;
				CLANG_WARN_DIRECT_OBJC_ISA_USAGE = YES_ERROR;
				CLANG_WARN_DOCUMENTATION_COMMENTS = YES;
				CLANG_WARN_EMPTY_BODY = YES;
				CLANG_WARN_ENUM_CONVERSION = YES;
				CLANG_WARN_INFINITE_RECURSION = YES;
				CLANG_WARN_INT_CONVERSION = YES;
				CLANG_WARN_NON_LITERAL_NULL_CONVERSION = YES;
				CLANG_WARN_OBJC_LITERAL_CONVERSION = YES;
				CLANG_WARN_OBJC_ROOT_CLASS = YES_ERROR;
				CLANG_WARN_RANGE_LOOP_ANALYSIS = YES;
				CLANG_WARN_STRICT_PROTOTYPES = YES;
				CLANG_WARN_SUSPICIOUS_MOVE = YES;
				CLANG_WARN_UNGUARDED_AVAILABILITY = YES_AGGRESSIVE;
				CLANG_WARN_UNREACHABLE_CODE = YES;
				CLANG_WARN__DUPLICATE_METHOD_MATCH = YES;
				CODE_SIGN_IDENTITY = "iPhone Developer";
				COPY_PHASE_STRIP = NO;
				DEBUG_INFORMATION_FORMAT = "dwarf-with-dsym";
				ENABLE_NS_ASSERTIONS = NO;
				ENABLE_STRICT_OBJC_MSGSEND = YES;
				GCC_C_LANGUAGE_STANDARD = gnu11;
				GCC_NO_COMMON_BLOCKS = YES;
				GCC_WARN_64_TO_32_BIT_CONVERSION = YES;
				GCC_WARN_ABOUT_RETURN_TYPE = YES_ERROR;
				GCC_WARN_UNDECLARED_SELECTOR = YES;
				GCC_WARN_UNINITIALIZED_AUTOS = YES_AGGRESSIVE;
				GCC_WARN_UNUSED_FUNCTION = YES;
				GCC_WARN_UNUSED_VARIABLE = YES;
				IPHONEOS_DEPLOYMENT_TARGET = 11.1;
				MTL_ENABLE_DEBUG_INFO = NO;
				SDKROOT = iphoneos;
				SWIFT_OPTIMIZATION_LEVEL = "-Owholemodule";
				VALIDATE_PRODUCT = YES;
			};
			name = Release;
		};
		481DC8671FA9F2F400E7A0D7 /* Debug */ = {
			isa = XCBuildConfiguration;
			buildSettings = {
				ASSETCATALOG_COMPILER_APPICON_NAME = AppIcon;
				CODE_SIGN_STYLE = Automatic;
				DEVELOPMENT_TEAM = UQA5S4Z2Z9;
				INFOPLIST_FILE = ColdCall/Info.plist;
				LD_RUNPATH_SEARCH_PATHS = "$(inherited) @executable_path/Frameworks";
				PRODUCT_BUNDLE_IDENTIFIER = CodingDojo.ColdCall;
				PRODUCT_NAME = "$(TARGET_NAME)";
				SWIFT_VERSION = 4.0;
				TARGETED_DEVICE_FAMILY = "1,2";
			};
			name = Debug;
		};
		481DC8681FA9F2F400E7A0D7 /* Release */ = {
			isa = XCBuildConfiguration;
			buildSettings = {
				ASSETCATALOG_COMPILER_APPICON_NAME = AppIcon;
				CODE_SIGN_STYLE = Automatic;
				DEVELOPMENT_TEAM = UQA5S4Z2Z9;
				INFOPLIST_FILE = ColdCall/Info.plist;
				LD_RUNPATH_SEARCH_PATHS = "$(inherited) @executable_path/Frameworks";
				PRODUCT_BUNDLE_IDENTIFIER = CodingDojo.ColdCall;
				PRODUCT_NAME = "$(TARGET_NAME)";
				SWIFT_VERSION = 4.0;
				TARGETED_DEVICE_FAMILY = "1,2";
			};
			name = Release;
		};
		481DC86A1FA9F2F400E7A0D7 /* Debug */ = {
			isa = XCBuildConfiguration;
			buildSettings = {
				ALWAYS_EMBED_SWIFT_STANDARD_LIBRARIES = YES;
				BUNDLE_LOADER = "$(TEST_HOST)";
				CODE_SIGN_STYLE = Automatic;
				INFOPLIST_FILE = ColdCallTests/Info.plist;
				LD_RUNPATH_SEARCH_PATHS = "$(inherited) @executable_path/Frameworks @loader_path/Frameworks";
				PRODUCT_BUNDLE_IDENTIFIER = CodingDojo.ColdCallTests;
				PRODUCT_NAME = "$(TARGET_NAME)";
				SWIFT_VERSION = 4.0;
				TARGETED_DEVICE_FAMILY = "1,2";
				TEST_HOST = "$(BUILT_PRODUCTS_DIR)/ColdCall.app/ColdCall";
			};
			name = Debug;
		};
		481DC86B1FA9F2F400E7A0D7 /* Release */ = {
			isa = XCBuildConfiguration;
			buildSettings = {
				ALWAYS_EMBED_SWIFT_STANDARD_LIBRARIES = YES;
				BUNDLE_LOADER = "$(TEST_HOST)";
				CODE_SIGN_STYLE = Automatic;
				INFOPLIST_FILE = ColdCallTests/Info.plist;
				LD_RUNPATH_SEARCH_PATHS = "$(inherited) @executable_path/Frameworks @loader_path/Frameworks";
				PRODUCT_BUNDLE_IDENTIFIER = CodingDojo.ColdCallTests;
				PRODUCT_NAME = "$(TARGET_NAME)";
				SWIFT_VERSION = 4.0;
				TARGETED_DEVICE_FAMILY = "1,2";
				TEST_HOST = "$(BUILT_PRODUCTS_DIR)/ColdCall.app/ColdCall";
			};
			name = Release;
		};
		481DC86D1FA9F2F400E7A0D7 /* Debug */ = {
			isa = XCBuildConfiguration;
			buildSettings = {
				ALWAYS_EMBED_SWIFT_STANDARD_LIBRARIES = YES;
				CODE_SIGN_STYLE = Automatic;
				INFOPLIST_FILE = ColdCallUITests/Info.plist;
				LD_RUNPATH_SEARCH_PATHS = "$(inherited) @executable_path/Frameworks @loader_path/Frameworks";
				PRODUCT_BUNDLE_IDENTIFIER = CodingDojo.ColdCallUITests;
				PRODUCT_NAME = "$(TARGET_NAME)";
				SWIFT_VERSION = 4.0;
				TARGETED_DEVICE_FAMILY = "1,2";
				TEST_TARGET_NAME = ColdCall;
			};
			name = Debug;
		};
		481DC86E1FA9F2F400E7A0D7 /* Release */ = {
			isa = XCBuildConfiguration;
			buildSettings = {
				ALWAYS_EMBED_SWIFT_STANDARD_LIBRARIES = YES;
				CODE_SIGN_STYLE = Automatic;
				INFOPLIST_FILE = ColdCallUITests/Info.plist;
				LD_RUNPATH_SEARCH_PATHS = "$(inherited) @executable_path/Frameworks @loader_path/Frameworks";
				PRODUCT_BUNDLE_IDENTIFIER = CodingDojo.ColdCallUITests;
				PRODUCT_NAME = "$(TARGET_NAME)";
				SWIFT_VERSION = 4.0;
				TARGETED_DEVICE_FAMILY = "1,2";
				TEST_TARGET_NAME = ColdCall;
			};
			name = Release;
		};
/* End XCBuildConfiguration section */

/* Begin XCConfigurationList section */
		481DC8391FA9F2F400E7A0D7 /* Build configuration list for PBXProject "ColdCall" */ = {
			isa = XCConfigurationList;
			buildConfigurations = (
				481DC8641FA9F2F400E7A0D7 /* Debug */,
				481DC8651FA9F2F400E7A0D7 /* Release */,
			);
			defaultConfigurationIsVisible = 0;
			defaultConfigurationName = Release;
		};
		481DC8661FA9F2F400E7A0D7 /* Build configuration list for PBXNativeTarget "ColdCall" */ = {
			isa = XCConfigurationList;
			buildConfigurations = (
				481DC8671FA9F2F400E7A0D7 /* Debug */,
				481DC8681FA9F2F400E7A0D7 /* Release */,
			);
			defaultConfigurationIsVisible = 0;
			defaultConfigurationName = Release;
		};
		481DC8691FA9F2F400E7A0D7 /* Build configuration list for PBXNativeTarget "ColdCallTests" */ = {
			isa = XCConfigurationList;
			buildConfigurations = (
				481DC86A1FA9F2F400E7A0D7 /* Debug */,
				481DC86B1FA9F2F400E7A0D7 /* Release */,
			);
			defaultConfigurationIsVisible = 0;
			defaultConfigurationName = Release;
		};
		481DC86C1FA9F2F400E7A0D7 /* Build configuration list for PBXNativeTarget "ColdCallUITests" */ = {
			isa = XCConfigurationList;
			buildConfigurations = (
				481DC86D1FA9F2F400E7A0D7 /* Debug */,
				481DC86E1FA9F2F400E7A0D7 /* Release */,
			);
			defaultConfigurationIsVisible = 0;
			defaultConfigurationName = Release;
		};
/* End XCConfigurationList section */
	};
	rootObject = 481DC8361FA9F2F400E7A0D7 /* Project object */;
}
